// !$*UTF8*$!
{
	archiveVersion = 1;
	classes = {
	};
	objectVersion = 51;
	objects = {

/* Begin PBXBuildFile section */
		110C444025AD4D8C00FB0D80 /* AppDelegate.swift in Sources */ = {isa = PBXBuildFile; fileRef = 110C443F25AD4D8C00FB0D80 /* AppDelegate.swift */; };
		110C444225AD4D8C00FB0D80 /* SceneDelegate.swift in Sources */ = {isa = PBXBuildFile; fileRef = 110C444125AD4D8C00FB0D80 /* SceneDelegate.swift */; };
		110C444425AD4D8C00FB0D80 /* ViewController.swift in Sources */ = {isa = PBXBuildFile; fileRef = 110C444325AD4D8C00FB0D80 /* ViewController.swift */; };
		110C444725AD4D8C00FB0D80 /* Main.storyboard in Resources */ = {isa = PBXBuildFile; fileRef = 110C444525AD4D8C00FB0D80 /* Main.storyboard */; };
		110C444925AD4D8E00FB0D80 /* Assets.xcassets in Resources */ = {isa = PBXBuildFile; fileRef = 110C444825AD4D8E00FB0D80 /* Assets.xcassets */; };
		110C444C25AD4D8E00FB0D80 /* LaunchScreen.storyboard in Resources */ = {isa = PBXBuildFile; fileRef = 110C444A25AD4D8E00FB0D80 /* LaunchScreen.storyboard */; };
		110C447525AD4F9500FB0D80 /* Extensions.swift in Sources */ = {isa = PBXBuildFile; fileRef = 110C447425AD4F9500FB0D80 /* Extensions.swift */; };
		20D50FDED8A2FBDF59844535 /* Pods_Lolly_Coding_Challenge.framework in Frameworks */ = {isa = PBXBuildFile; fileRef = 54DE1A9A54FA14D672ED6BE3 /* Pods_Lolly_Coding_Challenge.framework */; };
/* End PBXBuildFile section */

/* Begin PBXFileReference section */
		110C443C25AD4D8C00FB0D80 /* Lolly Coding Challenge.app */ = {isa = PBXFileReference; explicitFileType = wrapper.application; includeInIndex = 0; path = "Lolly Coding Challenge.app"; sourceTree = BUILT_PRODUCTS_DIR; };
		110C443F25AD4D8C00FB0D80 /* AppDelegate.swift */ = {isa = PBXFileReference; lastKnownFileType = sourcecode.swift; path = AppDelegate.swift; sourceTree = "<group>"; };
		110C444125AD4D8C00FB0D80 /* SceneDelegate.swift */ = {isa = PBXFileReference; lastKnownFileType = sourcecode.swift; path = SceneDelegate.swift; sourceTree = "<group>"; };
		110C444325AD4D8C00FB0D80 /* ViewController.swift */ = {isa = PBXFileReference; lastKnownFileType = sourcecode.swift; path = ViewController.swift; sourceTree = "<group>"; };
		110C444625AD4D8C00FB0D80 /* Base */ = {isa = PBXFileReference; lastKnownFileType = file.storyboard; name = Base; path = Base.lproj/Main.storyboard; sourceTree = "<group>"; };
		110C444825AD4D8E00FB0D80 /* Assets.xcassets */ = {isa = PBXFileReference; lastKnownFileType = folder.assetcatalog; path = Assets.xcassets; sourceTree = "<group>"; };
		110C444B25AD4D8E00FB0D80 /* Base */ = {isa = PBXFileReference; lastKnownFileType = file.storyboard; name = Base; path = Base.lproj/LaunchScreen.storyboard; sourceTree = "<group>"; };
		110C444D25AD4D8E00FB0D80 /* Info.plist */ = {isa = PBXFileReference; lastKnownFileType = text.plist.xml; path = Info.plist; sourceTree = "<group>"; };
		110C447425AD4F9500FB0D80 /* Extensions.swift */ = {isa = PBXFileReference; lastKnownFileType = sourcecode.swift; path = Extensions.swift; sourceTree = "<group>"; };
		54DE1A9A54FA14D672ED6BE3 /* Pods_Lolly_Coding_Challenge.framework */ = {isa = PBXFileReference; explicitFileType = wrapper.framework; includeInIndex = 0; path = Pods_Lolly_Coding_Challenge.framework; sourceTree = BUILT_PRODUCTS_DIR; };
		715DAF0CD397C3024E090BC9 /* Pods-Lolly Coding Challenge.debug.xcconfig */ = {isa = PBXFileReference; includeInIndex = 1; lastKnownFileType = text.xcconfig; name = "Pods-Lolly Coding Challenge.debug.xcconfig"; path = "Target Support Files/Pods-Lolly Coding Challenge/Pods-Lolly Coding Challenge.debug.xcconfig"; sourceTree = "<group>"; };
		CA3B40FD3EF134E382970BCB /* Pods-Lolly Coding Challenge.release.xcconfig */ = {isa = PBXFileReference; includeInIndex = 1; lastKnownFileType = text.xcconfig; name = "Pods-Lolly Coding Challenge.release.xcconfig"; path = "Target Support Files/Pods-Lolly Coding Challenge/Pods-Lolly Coding Challenge.release.xcconfig"; sourceTree = "<group>"; };
/* End PBXFileReference section */

/* Begin PBXFrameworksBuildPhase section */
		110C443925AD4D8C00FB0D80 /* Frameworks */ = {
			isa = PBXFrameworksBuildPhase;
			buildActionMask = 2147483647;
			files = (
				20D50FDED8A2FBDF59844535 /* Pods_Lolly_Coding_Challenge.framework in Frameworks */,
			);
			runOnlyForDeploymentPostprocessing = 0;
		};
/* End PBXFrameworksBuildPhase section */

/* Begin PBXGroup section */
		0B73181A8505AB22B797B4BB /* Frameworks */ = {
			isa = PBXGroup;
			children = (
				54DE1A9A54FA14D672ED6BE3 /* Pods_Lolly_Coding_Challenge.framework */,
			);
			name = Frameworks;
			sourceTree = "<group>";
		};
		110C443325AD4D8C00FB0D80 = {
			isa = PBXGroup;
			children = (
				110C443E25AD4D8C00FB0D80 /* Lolly Coding Challenge */,
				110C443D25AD4D8C00FB0D80 /* Products */,
				2D8F8A9A73901E6F81E05236 /* Pods */,
				0B73181A8505AB22B797B4BB /* Frameworks */,
			);
			sourceTree = "<group>";
		};
		110C443D25AD4D8C00FB0D80 /* Products */ = {
			isa = PBXGroup;
			children = (
				110C443C25AD4D8C00FB0D80 /* Lolly Coding Challenge.app */,
			);
			name = Products;
			sourceTree = "<group>";
		};
		110C443E25AD4D8C00FB0D80 /* Lolly Coding Challenge */ = {
			isa = PBXGroup;
			children = (
				110C447125AD4F3A00FB0D80 /* Model */,
				110C447025AD4F3900FB0D80 /* Controller */,
				110C446F25AD4F3700FB0D80 /* View */,
				110C446E25AD4F3600FB0D80 /* ViewModel */,
				110C446D25AD4F3500FB0D80 /* Service */,
				110C446C25AD4F3400FB0D80 /* Utils */,
				110C443F25AD4D8C00FB0D80 /* AppDelegate.swift */,
				110C444125AD4D8C00FB0D80 /* SceneDelegate.swift */,
				110C444325AD4D8C00FB0D80 /* ViewController.swift */,
				110C444525AD4D8C00FB0D80 /* Main.storyboard */,
				110C444825AD4D8E00FB0D80 /* Assets.xcassets */,
				110C444A25AD4D8E00FB0D80 /* LaunchScreen.storyboard */,
				110C444D25AD4D8E00FB0D80 /* Info.plist */,
			);
			path = "Lolly Coding Challenge";
			sourceTree = "<group>";
		};
		110C446C25AD4F3400FB0D80 /* Utils */ = {
			isa = PBXGroup;
			children = (
				110C447425AD4F9500FB0D80 /* Extensions.swift */,
			);
			path = Utils;
			sourceTree = "<group>";
		};
		110C446D25AD4F3500FB0D80 /* Service */ = {
			isa = PBXGroup;
			children = (
			);
			path = Service;
			sourceTree = "<group>";
		};
		110C446E25AD4F3600FB0D80 /* ViewModel */ = {
			isa = PBXGroup;
			children = (
			);
			path = ViewModel;
			sourceTree = "<group>";
		};
		110C446F25AD4F3700FB0D80 /* View */ = {
			isa = PBXGroup;
			children = (
			);
			path = View;
			sourceTree = "<group>";
		};
		110C447025AD4F3900FB0D80 /* Controller */ = {
			isa = PBXGroup;
			children = (
			);
			path = Controller;
			sourceTree = "<group>";
		};
		110C447125AD4F3A00FB0D80 /* Model */ = {
			isa = PBXGroup;
			children = (
			);
			path = Model;
			sourceTree = "<group>";
		};
		2D8F8A9A73901E6F81E05236 /* Pods */ = {
			isa = PBXGroup;
			children = (
				715DAF0CD397C3024E090BC9 /* Pods-Lolly Coding Challenge.debug.xcconfig */,
				CA3B40FD3EF134E382970BCB /* Pods-Lolly Coding Challenge.release.xcconfig */,
			);
			path = Pods;
			sourceTree = "<group>";
		};
/* End PBXGroup section */

/* Begin PBXNativeTarget section */
		110C443B25AD4D8C00FB0D80 /* Lolly Coding Challenge */ = {
			isa = PBXNativeTarget;
			buildConfigurationList = 110C445025AD4D8E00FB0D80 /* Build configuration list for PBXNativeTarget "Lolly Coding Challenge" */;
			buildPhases = (
				1FB7480615A2E7CB330C5A45 /* [CP] Check Pods Manifest.lock */,
				110C443825AD4D8C00FB0D80 /* Sources */,
				110C443925AD4D8C00FB0D80 /* Frameworks */,
				110C443A25AD4D8C00FB0D80 /* Resources */,
				5B6A78E31155A3DE24F4A6E4 /* [CP] Embed Pods Frameworks */,
			);
			buildRules = (
			);
			dependencies = (
			);
			name = "Lolly Coding Challenge";
			productName = "Lolly Coding Challenge";
			productReference = 110C443C25AD4D8C00FB0D80 /* Lolly Coding Challenge.app */;
			productType = "com.apple.product-type.application";
		};
/* End PBXNativeTarget section */

/* Begin PBXProject section */
		110C443425AD4D8C00FB0D80 /* Project object */ = {
			isa = PBXProject;
			attributes = {
				LastSwiftUpdateCheck = 1230;
				LastUpgradeCheck = 1230;
				TargetAttributes = {
					110C443B25AD4D8C00FB0D80 = {
						CreatedOnToolsVersion = 12.3;
					};
				};
			};
			buildConfigurationList = 110C443725AD4D8C00FB0D80 /* Build configuration list for PBXProject "Lolly Coding Challenge" */;
			compatibilityVersion = "Xcode 9.3";
			developmentRegion = en;
			hasScannedForEncodings = 0;
			knownRegions = (
				en,
				Base,
			);
			mainGroup = 110C443325AD4D8C00FB0D80;
			productRefGroup = 110C443D25AD4D8C00FB0D80 /* Products */;
			projectDirPath = "";
			projectRoot = "";
			targets = (
				110C443B25AD4D8C00FB0D80 /* Lolly Coding Challenge */,
			);
		};
/* End PBXProject section */

/* Begin PBXResourcesBuildPhase section */
		110C443A25AD4D8C00FB0D80 /* Resources */ = {
			isa = PBXResourcesBuildPhase;
			buildActionMask = 2147483647;
			files = (
				110C444C25AD4D8E00FB0D80 /* LaunchScreen.storyboard in Resources */,
				110C444925AD4D8E00FB0D80 /* Assets.xcassets in Resources */,
				110C444725AD4D8C00FB0D80 /* Main.storyboard in Resources */,
			);
			runOnlyForDeploymentPostprocessing = 0;
		};
/* End PBXResourcesBuildPhase section */

/* Begin PBXShellScriptBuildPhase section */
		1FB7480615A2E7CB330C5A45 /* [CP] Check Pods Manifest.lock */ = {
			isa = PBXShellScriptBuildPhase;
			buildActionMask = 2147483647;
			files = (
			);
			inputFileListPaths = (
			);
			inputPaths = (
				"${PODS_PODFILE_DIR_PATH}/Podfile.lock",
				"${PODS_ROOT}/Manifest.lock",
			);
			name = "[CP] Check Pods Manifest.lock";
			outputFileListPaths = (
			);
			outputPaths = (
				"$(DERIVED_FILE_DIR)/Pods-Lolly Coding Challenge-checkManifestLockResult.txt",
			);
			runOnlyForDeploymentPostprocessing = 0;
			shellPath = /bin/sh;
			shellScript = "diff \"${PODS_PODFILE_DIR_PATH}/Podfile.lock\" \"${PODS_ROOT}/Manifest.lock\" > /dev/null\nif [ $? != 0 ] ; then\n    # print error to STDERR\n    echo \"error: The sandbox is not in sync with the Podfile.lock. Run 'pod install' or update your CocoaPods installation.\" >&2\n    exit 1\nfi\n# This output is used by Xcode 'outputs' to avoid re-running this script phase.\necho \"SUCCESS\" > \"${SCRIPT_OUTPUT_FILE_0}\"\n";
			showEnvVarsInLog = 0;
		};
		5B6A78E31155A3DE24F4A6E4 /* [CP] Embed Pods Frameworks */ = {
			isa = PBXShellScriptBuildPhase;
			buildActionMask = 2147483647;
			files = (
			);
			inputFileListPaths = (
				"${PODS_ROOT}/Target Support Files/Pods-Lolly Coding Challenge/Pods-Lolly Coding Challenge-frameworks-${CONFIGURATION}-input-files.xcfilelist",
			);
			name = "[CP] Embed Pods Frameworks";
			outputFileListPaths = (
				"${PODS_ROOT}/Target Support Files/Pods-Lolly Coding Challenge/Pods-Lolly Coding Challenge-frameworks-${CONFIGURATION}-output-files.xcfilelist",
			);
			runOnlyForDeploymentPostprocessing = 0;
			shellPath = /bin/sh;
			shellScript = "\"${PODS_ROOT}/Target Support Files/Pods-Lolly Coding Challenge/Pods-Lolly Coding Challenge-frameworks.sh\"\n";
			showEnvVarsInLog = 0;
		};
/* End PBXShellScriptBuildPhase section */

/* Begin PBXSourcesBuildPhase section */
		110C443825AD4D8C00FB0D80 /* Sources */ = {
			isa = PBXSourcesBuildPhase;
			buildActionMask = 2147483647;
			files = (
				110C444425AD4D8C00FB0D80 /* ViewController.swift in Sources */,
				110C444025AD4D8C00FB0D80 /* AppDelegate.swift in Sources */,
				110C444225AD4D8C00FB0D80 /* SceneDelegate.swift in Sources */,
				110C447525AD4F9500FB0D80 /* Extensions.swift in Sources */,
			);
			runOnlyForDeploymentPostprocessing = 0;
		};
/* End PBXSourcesBuildPhase section */

/* Begin PBXVariantGroup section */
		110C444525AD4D8C00FB0D80 /* Main.storyboard */ = {
			isa = PBXVariantGroup;
			children = (
				110C444625AD4D8C00FB0D80 /* Base */,
			);
			name = Main.storyboard;
			sourceTree = "<group>";
		};
		110C444A25AD4D8E00FB0D80 /* LaunchScreen.storyboard */ = {
			isa = PBXVariantGroup;
			children = (
				110C444B25AD4D8E00FB0D80 /* Base */,
			);
			name = LaunchScreen.storyboard;
			sourceTree = "<group>";
		};
/* End PBXVariantGroup section */

/* Begin XCBuildConfiguration section */
		110C444E25AD4D8E00FB0D80 /* Debug */ = {
			isa = XCBuildConfiguration;
			buildSettings = {
				ALWAYS_SEARCH_USER_PATHS = NO;
				CLANG_ANALYZER_NONNULL = YES;
				CLANG_ANALYZER_NUMBER_OBJECT_CONVERSION = YES_AGGRESSIVE;
				CLANG_CXX_LANGUAGE_STANDARD = "gnu++14";
				CLANG_CXX_LIBRARY = "libc++";
				CLANG_ENABLE_MODULES = YES;
				CLANG_ENABLE_OBJC_ARC = YES;
				CLANG_ENABLE_OBJC_WEAK = YES;
				CLANG_WARN_BLOCK_CAPTURE_AUTORELEASING = YES;
				CLANG_WARN_BOOL_CONVERSION = YES;
				CLANG_WARN_COMMA = YES;
				CLANG_WARN_CONSTANT_CONVERSION = YES;
				CLANG_WARN_DEPRECATED_OBJC_IMPLEMENTATIONS = YES;
				CLANG_WARN_DIRECT_OBJC_ISA_USAGE = YES_ERROR;
				CLANG_WARN_DOCUMENTATION_COMMENTS = YES;
				CLANG_WARN_EMPTY_BODY = YES;
				CLANG_WARN_ENUM_CONVERSION = YES;
				CLANG_WARN_INFINITE_RECURSION = YES;
				CLANG_WARN_INT_CONVERSION = YES;
				CLANG_WARN_NON_LITERAL_NULL_CONVERSION = YES;
				CLANG_WARN_OBJC_IMPLICIT_RETAIN_SELF = YES;
				CLANG_WARN_OBJC_LITERAL_CONVERSION = YES;
				CLANG_WARN_OBJC_ROOT_CLASS = YES_ERROR;
				CLANG_WARN_QUOTED_INCLUDE_IN_FRAMEWORK_HEADER = YES;
				CLANG_WARN_RANGE_LOOP_ANALYSIS = YES;
				CLANG_WARN_STRICT_PROTOTYPES = YES;
				CLANG_WARN_SUSPICIOUS_MOVE = YES;
				CLANG_WARN_UNGUARDED_AVAILABILITY = YES_AGGRESSIVE;
				CLANG_WARN_UNREACHABLE_CODE = YES;
				CLANG_WARN__DUPLICATE_METHOD_MATCH = YES;
				COPY_PHASE_STRIP = NO;
				DEBUG_INFORMATION_FORMAT = dwarf;
				ENABLE_STRICT_OBJC_MSGSEND = YES;
				ENABLE_TESTABILITY = YES;
				GCC_C_LANGUAGE_STANDARD = gnu11;
				GCC_DYNAMIC_NO_PIC = NO;
				GCC_NO_COMMON_BLOCKS = YES;
				GCC_OPTIMIZATION_LEVEL = 0;
				GCC_PREPROCESSOR_DEFINITIONS = (
					"DEBUG=1",
					"$(inherited)",
				);
				GCC_WARN_64_TO_32_BIT_CONVERSION = YES;
				GCC_WARN_ABOUT_RETURN_TYPE = YES_ERROR;
				GCC_WARN_UNDECLARED_SELECTOR = YES;
				GCC_WARN_UNINITIALIZED_AUTOS = YES_AGGRESSIVE;
				GCC_WARN_UNUSED_FUNCTION = YES;
				GCC_WARN_UNUSED_VARIABLE = YES;
				IPHONEOS_DEPLOYMENT_TARGET = 14.3;
				MTL_ENABLE_DEBUG_INFO = INCLUDE_SOURCE;
				MTL_FAST_MATH = YES;
				ONLY_ACTIVE_ARCH = YES;
				SDKROOT = iphoneos;
				SWIFT_ACTIVE_COMPILATION_CONDITIONS = DEBUG;
				SWIFT_OPTIMIZATION_LEVEL = "-Onone";
			};
			name = Debug;
		};
		110C444F25AD4D8E00FB0D80 /* Release */ = {
			isa = XCBuildConfiguration;
			buildSettings = {
				ALWAYS_SEARCH_USER_PATHS = NO;
				CLANG_ANALYZER_NONNULL = YES;
				CLANG_ANALYZER_NUMBER_OBJECT_CONVERSION = YES_AGGRESSIVE;
				CLANG_CXX_LANGUAGE_STANDARD = "gnu++14";
				CLANG_CXX_LIBRARY = "libc++";
				CLANG_ENABLE_MODULES = YES;
				CLANG_ENABLE_OBJC_ARC = YES;
				CLANG_ENABLE_OBJC_WEAK = YES;
				CLANG_WARN_BLOCK_CAPTURE_AUTORELEASING = YES;
				CLANG_WARN_BOOL_CONVERSION = YES;
				CLANG_WARN_COMMA = YES;
				CLANG_WARN_CONSTANT_CONVERSION = YES;
				CLANG_WARN_DEPRECATED_OBJC_IMPLEMENTATIONS = YES;
				CLANG_WARN_DIRECT_OBJC_ISA_USAGE = YES_ERROR;
				CLANG_WARN_DOCUMENTATION_COMMENTS = YES;
				CLANG_WARN_EMPTY_BODY = YES;
				CLANG_WARN_ENUM_CONVERSION = YES;
				CLANG_WARN_INFINITE_RECURSION = YES;
				CLANG_WARN_INT_CONVERSION = YES;
				CLANG_WARN_NON_LITERAL_NULL_CONVERSION = YES;
				CLANG_WARN_OBJC_IMPLICIT_RETAIN_SELF = YES;
				CLANG_WARN_OBJC_LITERAL_CONVERSION = YES;
				CLANG_WARN_OBJC_ROOT_CLASS = YES_ERROR;
				CLANG_WARN_QUOTED_INCLUDE_IN_FRAMEWORK_HEADER = YES;
				CLANG_WARN_RANGE_LOOP_ANALYSIS = YES;
				CLANG_WARN_STRICT_PROTOTYPES = YES;
				CLANG_WARN_SUSPICIOUS_MOVE = YES;
				CLANG_WARN_UNGUARDED_AVAILABILITY = YES_AGGRESSIVE;
				CLANG_WARN_UNREACHABLE_CODE = YES;
				CLANG_WARN__DUPLICATE_METHOD_MATCH = YES;
				COPY_PHASE_STRIP = NO;
				DEBUG_INFORMATION_FORMAT = "dwarf-with-dsym";
				ENABLE_NS_ASSERTIONS = NO;
				ENABLE_STRICT_OBJC_MSGSEND = YES;
				GCC_C_LANGUAGE_STANDARD = gnu11;
				GCC_NO_COMMON_BLOCKS = YES;
				GCC_WARN_64_TO_32_BIT_CONVERSION = YES;
				GCC_WARN_ABOUT_RETURN_TYPE = YES_ERROR;
				GCC_WARN_UNDECLARED_SELECTOR = YES;
				GCC_WARN_UNINITIALIZED_AUTOS = YES_AGGRESSIVE;
				GCC_WARN_UNUSED_FUNCTION = YES;
				GCC_WARN_UNUSED_VARIABLE = YES;
				IPHONEOS_DEPLOYMENT_TARGET = 14.3;
				MTL_ENABLE_DEBUG_INFO = NO;
				MTL_FAST_MATH = YES;
				SDKROOT = iphoneos;
				SWIFT_COMPILATION_MODE = wholemodule;
				SWIFT_OPTIMIZATION_LEVEL = "-O";
				VALIDATE_PRODUCT = YES;
			};
			name = Release;
		};
		110C445125AD4D8E00FB0D80 /* Debug */ = {
			isa = XCBuildConfiguration;
			baseConfigurationReference = 715DAF0CD397C3024E090BC9 /* Pods-Lolly Coding Challenge.debug.xcconfig */;
			buildSettings = {
				ASSETCATALOG_COMPILER_APPICON_NAME = AppIcon;
				ASSETCATALOG_COMPILER_GLOBAL_ACCENT_COLOR_NAME = AccentColor;
				CODE_SIGN_STYLE = Automatic;
				DEVELOPMENT_TEAM = N8Z6DLFKLR;
				INFOPLIST_FILE = "Lolly Coding Challenge/Info.plist";
				LD_RUNPATH_SEARCH_PATHS = (
					"$(inherited)",
					"@executable_path/Frameworks",
				);
				PRODUCT_BUNDLE_IDENTIFIER = "com.stanleytraub.Lolly-Coding-Challenge";
				PRODUCT_NAME = "$(TARGET_NAME)";
				SWIFT_VERSION = 5.0;
				TARGETED_DEVICE_FAMILY = "1,2";
			};
			name = Debug;
		};
		110C445225AD4D8E00FB0D80 /* Release */ = {
			isa = XCBuildConfiguration;
			baseConfigurationReference = CA3B40FD3EF134E382970BCB /* Pods-Lolly Coding Challenge.release.xcconfig */;
			buildSettings = {
				ASSETCATALOG_COMPILER_APPICON_NAME = AppIcon;
				ASSETCATALOG_COMPILER_GLOBAL_ACCENT_COLOR_NAME = AccentColor;
				CODE_SIGN_STYLE = Automatic;
				DEVELOPMENT_TEAM = N8Z6DLFKLR;
				INFOPLIST_FILE = "Lolly Coding Challenge/Info.plist";
				LD_RUNPATH_SEARCH_PATHS = (
					"$(inherited)",
					"@executable_path/Frameworks",
				);
				PRODUCT_BUNDLE_IDENTIFIER = "com.stanleytraub.Lolly-Coding-Challenge";
				PRODUCT_NAME = "$(TARGET_NAME)";
				SWIFT_VERSION = 5.0;
				TARGETED_DEVICE_FAMILY = "1,2";
			};
			name = Release;
		};
/* End XCBuildConfiguration section */

/* Begin XCConfigurationList section */
		110C443725AD4D8C00FB0D80 /* Build configuration list for PBXProject "Lolly Coding Challenge" */ = {
			isa = XCConfigurationList;
			buildConfigurations = (
				110C444E25AD4D8E00FB0D80 /* Debug */,
				110C444F25AD4D8E00FB0D80 /* Release */,
			);
			defaultConfigurationIsVisible = 0;
			defaultConfigurationName = Release;
		};
		110C445025AD4D8E00FB0D80 /* Build configuration list for PBXNativeTarget "Lolly Coding Challenge" */ = {
			isa = XCConfigurationList;
			buildConfigurations = (
				110C445125AD4D8E00FB0D80 /* Debug */,
				110C445225AD4D8E00FB0D80 /* Release */,
			);
			defaultConfigurationIsVisible = 0;
			defaultConfigurationName = Release;
		};
/* End XCConfigurationList section */
	};
	rootObject = 110C443425AD4D8C00FB0D80 /* Project object */;
}
